FORGE
  remote: https://forgeapi.puppetlabs.com
  specs:
    puppetlabs-chocolatey (5.0.0)
      puppetlabs-powershell (< 3.0.0, >= 1.0.1)
      puppetlabs-registry (< 3.0.0, >= 1.0.0)
      puppetlabs-stdlib (< 7.0.0, >= 4.6.0)
    puppetlabs-powershell (2.3.0)
    puppetlabs-registry (2.1.0)
    puppetlabs-stdlib (6.1.0)

DEPENDENCIES
  puppetlabs-chocolatey (= 5.0.0)

